
Microsoft Visual Studio Solution File, Format Version 12.00
# Visual Studio 15
VisualStudioVersion = 15.0.28010.2019
MinimumVisualStudioVersion = 10.0.40219.1
Project("{9A19103F-16F7-4668-BE54-9A1E7A4F7556}") = "SharpStructure", "SharpStructure\SharpStructure.csproj", "{82677C02-93F5-4DDC-9FB2-3B9B7027268F}"
EndProject
Project("{9A19103F-16F7-4668-BE54-9A1E7A4F7556}") = "TestApp", "TestApp\TestApp.csproj", "{FAEDCE44-0ABF-4E8A-A7A2-A5E6B7F83392}"
EndProject
Project("{FAE04EC0-301F-11D3-BF4B-00C04F79EFBC}") = "NUnitTest", "NUnitTest\NUnitTest.csproj", "{40D8DAD1-DE54-4125-959C-4E21CC1A797B}"
EndProject
Global
	GlobalSection(SolutionConfigurationPlatforms) = preSolution
		Debug|Any CPU = Debug|Any CPU
		Release|Any CPU = Release|Any CPU
	EndGlobalSection
	GlobalSection(ProjectConfigurationPlatforms) = postSolution
		{82677C02-93F5-4DDC-9FB2-3B9B7027268F}.Debug|Any CPU.ActiveCfg = Debug|Any CPU
		{82677C02-93F5-4DDC-9FB2-3B9B7027268F}.Debug|Any CPU.Build.0 = Debug|Any CPU
		{82677C02-93F5-4DDC-9FB2-3B9B7027268F}.Release|Any CPU.ActiveCfg = Release|Any CPU
		{82677C02-93F5-4DDC-9FB2-3B9B7027268F}.Release|Any CPU.Build.0 = Release|Any CPU
		{FAEDCE44-0ABF-4E8A-A7A2-A5E6B7F83392}.Debug|Any CPU.ActiveCfg = Debug|Any CPU
		{FAEDCE44-0ABF-4E8A-A7A2-A5E6B7F83392}.Debug|Any CPU.Build.0 = Debug|Any CPU
		{FAEDCE44-0ABF-4E8A-A7A2-A5E6B7F83392}.Release|Any CPU.ActiveCfg = Release|Any CPU
		{FAEDCE44-0ABF-4E8A-A7A2-A5E6B7F83392}.Release|Any CPU.Build.0 = Release|Any CPU
		{40D8DAD1-DE54-4125-959C-4E21CC1A797B}.Debug|Any CPU.ActiveCfg = Debug|Any CPU
		{40D8DAD1-DE54-4125-959C-4E21CC1A797B}.Debug|Any CPU.Build.0 = Debug|Any CPU
		{40D8DAD1-DE54-4125-959C-4E21CC1A797B}.Release|Any CPU.ActiveCfg = Release|Any CPU
		{40D8DAD1-DE54-4125-959C-4E21CC1A797B}.Release|Any CPU.Build.0 = Release|Any CPU
	EndGlobalSection
	GlobalSection(SolutionProperties) = preSolution
		HideSolutionNode = FALSE
	EndGlobalSection
	GlobalSection(ExtensibilityGlobals) = postSolution
		SolutionGuid = {7E36D98B-4C0C-4D03-AEA9-E75A3CB85A65}
	EndGlobalSection
EndGlobal
